{
  "name": "letter-run",
  "version": "2.0.0",
  "lockfileVersion": 3,
  "requires": true,
  "packages": {
    "": {
      "name": "letter-run",
      "version": "2.0.0",
      "devDependencies": {
        "italian-words-dict": "^3.4.0",
        "word-list": "^4.0.0"
      },
      "engines": {
        "node": ">=18"
      }
    },
    "node_modules/italian-words-dict": {
      "version": "3.4.0",
      "resolved": "https://registry.npmjs.org/italian-words-dict/-/italian-words-dict-3.4.0.tgz",
      "integrity": "sha512-4Buxj5/d2lUrIdK9VaZyUfM0KlS0I/PmXtBC+7W0P+bMWidlHzHSfyKEguhWqWV4j9NYAlXFB4G82Non2bWHzA==",
      "deprecated": "Package no longer supported. Contact Support at https://www.npmjs.com/support for more info.",
      "dev": true,
      "license": "Apache-2.0"
    },
    "node_modules/word-list": {
      "version": "4.1.0",
      "resolved": "https://registry.npmjs.org/word-list/-/word-list-4.1.0.tgz",
      "integrity": "sha512-4vtKyH8lGfaY8DHLTKQDfDxPixdK6BC/2W38TsPE07Wc8uPrMIbEO3quxBFSa2BfsDyG6pW47UEN/9tfYxN6BA==",
      "dev": true,
      "license": "MIT",
      "engines": {
        "node": ">=18"
      },
      "funding": {
        "url": "https://github.com/sponsors/sindresorhus"
      }
    }
  }
}
